// !$*UTF8*$!
{
	archiveVersion = 1;
	classes = {
	};
	objectVersion = 48;
	objects = {

/* Begin PBXBuildFile section */
		373BD10E1FB2A26600FFAD0E /* AddItemTableViewController.swift in Sources */ = {isa = PBXBuildFile; fileRef = 373BD10D1FB2A26600FFAD0E /* AddItemTableViewController.swift */; };
		373BD1141FB2AE6600FFAD0E /* AddItemTableViewControllerDelegate.swift in Sources */ = {isa = PBXBuildFile; fileRef = 373BD1131FB2AE6600FFAD0E /* AddItemTableViewControllerDelegate.swift */; };
		375BC2421FB1941B00EB33D8 /* AppDelegate.swift in Sources */ = {isa = PBXBuildFile; fileRef = 375BC2411FB1941B00EB33D8 /* AppDelegate.swift */; };
		375BC2441FB1941B00EB33D8 /* BucketListViewController.swift in Sources */ = {isa = PBXBuildFile; fileRef = 375BC2431FB1941B00EB33D8 /* BucketListViewController.swift */; };
		375BC2471FB1941B00EB33D8 /* Main.storyboard in Resources */ = {isa = PBXBuildFile; fileRef = 375BC2451FB1941B00EB33D8 /* Main.storyboard */; };
		375BC2491FB1941B00EB33D8 /* Assets.xcassets in Resources */ = {isa = PBXBuildFile; fileRef = 375BC2481FB1941B00EB33D8 /* Assets.xcassets */; };
		375BC24C1FB1941B00EB33D8 /* LaunchScreen.storyboard in Resources */ = {isa = PBXBuildFile; fileRef = 375BC24A1FB1941B00EB33D8 /* LaunchScreen.storyboard */; };
		375BC2571FB1941C00EB33D8 /* BucketListUITests.swift in Sources */ = {isa = PBXBuildFile; fileRef = 375BC2561FB1941C00EB33D8 /* BucketListUITests.swift */; };
		3797E5FD1FB3F88C0009CD81 /* BucketList.xcdatamodeld in Sources */ = {isa = PBXBuildFile; fileRef = 3797E5FB1FB3F88C0009CD81 /* BucketList.xcdatamodeld */; };
/* End PBXBuildFile section */

/* Begin PBXContainerItemProxy section */
		375BC2531FB1941B00EB33D8 /* PBXContainerItemProxy */ = {
			isa = PBXContainerItemProxy;
			containerPortal = 375BC2361FB1941B00EB33D8 /* Project object */;
			proxyType = 1;
			remoteGlobalIDString = 375BC23D1FB1941B00EB33D8;
			remoteInfo = BucketList;
		};
/* End PBXContainerItemProxy section */

/* Begin PBXFileReference section */
		373BD10D1FB2A26600FFAD0E /* AddItemTableViewController.swift */ = {isa = PBXFileReference; lastKnownFileType = sourcecode.swift; path = AddItemTableViewController.swift; sourceTree = "<group>"; };
		373BD1131FB2AE6600FFAD0E /* AddItemTableViewControllerDelegate.swift */ = {isa = PBXFileReference; lastKnownFileType = sourcecode.swift; path = AddItemTableViewControllerDelegate.swift; sourceTree = "<group>"; };
		375BC23E1FB1941B00EB33D8 /* BucketList.app */ = {isa = PBXFileReference; explicitFileType = wrapper.application; includeInIndex = 0; path = BucketList.app; sourceTree = BUILT_PRODUCTS_DIR; };
		375BC2411FB1941B00EB33D8 /* AppDelegate.swift */ = {isa = PBXFileReference; lastKnownFileType = sourcecode.swift; path = AppDelegate.swift; sourceTree = "<group>"; };
		375BC2431FB1941B00EB33D8 /* BucketListViewController.swift */ = {isa = PBXFileReference; lastKnownFileType = sourcecode.swift; path = BucketListViewController.swift; sourceTree = "<group>"; };
		375BC2461FB1941B00EB33D8 /* Base */ = {isa = PBXFileReference; lastKnownFileType = file.storyboard; name = Base; path = Base.lproj/Main.storyboard; sourceTree = "<group>"; };
		375BC2481FB1941B00EB33D8 /* Assets.xcassets */ = {isa = PBXFileReference; lastKnownFileType = folder.assetcatalog; path = Assets.xcassets; sourceTree = "<group>"; };
		375BC24B1FB1941B00EB33D8 /* Base */ = {isa = PBXFileReference; lastKnownFileType = file.storyboard; name = Base; path = Base.lproj/LaunchScreen.storyboard; sourceTree = "<group>"; };
		375BC24D1FB1941B00EB33D8 /* Info.plist */ = {isa = PBXFileReference; lastKnownFileType = text.plist.xml; path = Info.plist; sourceTree = "<group>"; };
		375BC2521FB1941B00EB33D8 /* BucketListUITests.xctest */ = {isa = PBXFileReference; explicitFileType = wrapper.cfbundle; includeInIndex = 0; path = BucketListUITests.xctest; sourceTree = BUILT_PRODUCTS_DIR; };
		375BC2561FB1941C00EB33D8 /* BucketListUITests.swift */ = {isa = PBXFileReference; lastKnownFileType = sourcecode.swift; path = BucketListUITests.swift; sourceTree = "<group>"; };
		375BC2581FB1941C00EB33D8 /* Info.plist */ = {isa = PBXFileReference; lastKnownFileType = text.plist.xml; path = Info.plist; sourceTree = "<group>"; };
		3797E5FC1FB3F88C0009CD81 /* BucketList.xcdatamodel */ = {isa = PBXFileReference; lastKnownFileType = wrapper.xcdatamodel; path = BucketList.xcdatamodel; sourceTree = "<group>"; };
/* End PBXFileReference section */

/* Begin PBXFrameworksBuildPhase section */
		375BC23B1FB1941B00EB33D8 /* Frameworks */ = {
			isa = PBXFrameworksBuildPhase;
			buildActionMask = 2147483647;
			files = (
			);
			runOnlyForDeploymentPostprocessing = 0;
		};
		375BC24F1FB1941B00EB33D8 /* Frameworks */ = {
			isa = PBXFrameworksBuildPhase;
			buildActionMask = 2147483647;
			files = (
			);
			runOnlyForDeploymentPostprocessing = 0;
		};
/* End PBXFrameworksBuildPhase section */

/* Begin PBXGroup section */
		375BC2351FB1941B00EB33D8 = {
			isa = PBXGroup;
			children = (
				375BC2401FB1941B00EB33D8 /* BucketList */,
				375BC2551FB1941B00EB33D8 /* BucketListUITests */,
				375BC23F1FB1941B00EB33D8 /* Products */,
			);
			sourceTree = "<group>";
		};
		375BC23F1FB1941B00EB33D8 /* Products */ = {
			isa = PBXGroup;
			children = (
				375BC23E1FB1941B00EB33D8 /* BucketList.app */,
				375BC2521FB1941B00EB33D8 /* BucketListUITests.xctest */,
			);
			name = Products;
			sourceTree = "<group>";
		};
		375BC2401FB1941B00EB33D8 /* BucketList */ = {
			isa = PBXGroup;
			children = (
				373BD10D1FB2A26600FFAD0E /* AddItemTableViewController.swift */,
				375BC2411FB1941B00EB33D8 /* AppDelegate.swift */,
				3797E5FB1FB3F88C0009CD81 /* BucketList.xcdatamodeld */,
				375BC2431FB1941B00EB33D8 /* BucketListViewController.swift */,
				375BC2451FB1941B00EB33D8 /* Main.storyboard */,
				373BD1131FB2AE6600FFAD0E /* AddItemTableViewControllerDelegate.swift */,
				375BC2481FB1941B00EB33D8 /* Assets.xcassets */,
				375BC24A1FB1941B00EB33D8 /* LaunchScreen.storyboard */,
				375BC24D1FB1941B00EB33D8 /* Info.plist */,
			);
			path = BucketList;
			sourceTree = "<group>";
		};
		375BC2551FB1941B00EB33D8 /* BucketListUITests */ = {
			isa = PBXGroup;
			children = (
				375BC2561FB1941C00EB33D8 /* BucketListUITests.swift */,
				375BC2581FB1941C00EB33D8 /* Info.plist */,
			);
			path = BucketListUITests;
			sourceTree = "<group>";
		};
/* End PBXGroup section */

/* Begin PBXNativeTarget section */
		375BC23D1FB1941B00EB33D8 /* BucketList */ = {
			isa = PBXNativeTarget;
			buildConfigurationList = 375BC25B1FB1941C00EB33D8 /* Build configuration list for PBXNativeTarget "BucketList" */;
			buildPhases = (
				375BC23A1FB1941B00EB33D8 /* Sources */,
				375BC23B1FB1941B00EB33D8 /* Frameworks */,
				375BC23C1FB1941B00EB33D8 /* Resources */,
			);
			buildRules = (
			);
			dependencies = (
			);
			name = BucketList;
			productName = BucketList;
			productReference = 375BC23E1FB1941B00EB33D8 /* BucketList.app */;
			productType = "com.apple.product-type.application";
		};
		375BC2511FB1941B00EB33D8 /* BucketListUITests */ = {
			isa = PBXNativeTarget;
			buildConfigurationList = 375BC25E1FB1941C00EB33D8 /* Build configuration list for PBXNativeTarget "BucketListUITests" */;
			buildPhases = (
				375BC24E1FB1941B00EB33D8 /* Sources */,
				375BC24F1FB1941B00EB33D8 /* Frameworks */,
				375BC2501FB1941B00EB33D8 /* Resources */,
			);
			buildRules = (
			);
			dependencies = (
				375BC2541FB1941B00EB33D8 /* PBXTargetDependency */,
			);
			name = BucketListUITests;
			productName = BucketListUITests;
			productReference = 375BC2521FB1941B00EB33D8 /* BucketListUITests.xctest */;
			productType = "com.apple.product-type.bundle.ui-testing";
		};
/* End PBXNativeTarget section */

/* Begin PBXProject section */
		375BC2361FB1941B00EB33D8 /* Project object */ = {
			isa = PBXProject;
			attributes = {
				LastSwiftUpdateCheck = 0910;
				LastUpgradeCheck = 0910;
				ORGANIZATIONNAME = "Kevin Pham";
				TargetAttributes = {
					375BC23D1FB1941B00EB33D8 = {
						CreatedOnToolsVersion = 9.1;
						ProvisioningStyle = Automatic;
					};
					375BC2511FB1941B00EB33D8 = {
						CreatedOnToolsVersion = 9.1;
						ProvisioningStyle = Automatic;
						TestTargetID = 375BC23D1FB1941B00EB33D8;
					};
				};
			};
			buildConfigurationList = 375BC2391FB1941B00EB33D8 /* Build configuration list for PBXProject "BucketList" */;
			compatibilityVersion = "Xcode 8.0";
			developmentRegion = en;
			hasScannedForEncodings = 0;
			knownRegions = (
				en,
				Base,
			);
			mainGroup = 375BC2351FB1941B00EB33D8;
			productRefGroup = 375BC23F1FB1941B00EB33D8 /* Products */;
			projectDirPath = "";
			projectRoot = "";
			targets = (
				375BC23D1FB1941B00EB33D8 /* BucketList */,
				375BC2511FB1941B00EB33D8 /* BucketListUITests */,
			);
		};
/* End PBXProject section */

/* Begin PBXResourcesBuildPhase section */
		375BC23C1FB1941B00EB33D8 /* Resources */ = {
			isa = PBXResourcesBuildPhase;
			buildActionMask = 2147483647;
			files = (
				375BC24C1FB1941B00EB33D8 /* LaunchScreen.storyboard in Resources */,
				375BC2491FB1941B00EB33D8 /* Assets.xcassets in Resources */,
				375BC2471FB1941B00EB33D8 /* Main.storyboard in Resources */,
			);
			runOnlyForDeploymentPostprocessing = 0;
		};
		375BC2501FB1941B00EB33D8 /* Resources */ = {
			isa = PBXResourcesBuildPhase;
			buildActionMask = 2147483647;
			files = (
			);
			runOnlyForDeploymentPostprocessing = 0;
		};
/* End PBXResourcesBuildPhase section */

/* Begin PBXSourcesBuildPhase section */
		375BC23A1FB1941B00EB33D8 /* Sources */ = {
			isa = PBXSourcesBuildPhase;
			buildActionMask = 2147483647;
			files = (
				375BC2441FB1941B00EB33D8 /* BucketListViewController.swift in Sources */,
				373BD1141FB2AE6600FFAD0E /* AddItemTableViewControllerDelegate.swift in Sources */,
				3797E5FD1FB3F88C0009CD81 /* BucketList.xcdatamodeld in Sources */,
				375BC2421FB1941B00EB33D8 /* AppDelegate.swift in Sources */,
				373BD10E1FB2A26600FFAD0E /* AddItemTableViewController.swift in Sources */,
			);
			runOnlyForDeploymentPostprocessing = 0;
		};
		375BC24E1FB1941B00EB33D8 /* Sources */ = {
			isa = PBXSourcesBuildPhase;
			buildActionMask = 2147483647;
			files = (
				375BC2571FB1941C00EB33D8 /* BucketListUITests.swift in Sources */,
			);
			runOnlyForDeploymentPostprocessing = 0;
		};
/* End PBXSourcesBuildPhase section */

/* Begin PBXTargetDependency section */
		375BC2541FB1941B00EB33D8 /* PBXTargetDependency */ = {
			isa = PBXTargetDependency;
			target = 375BC23D1FB1941B00EB33D8 /* BucketList */;
			targetProxy = 375BC2531FB1941B00EB33D8 /* PBXContainerItemProxy */;
		};
/* End PBXTargetDependency section */

/* Begin PBXVariantGroup section */
		375BC2451FB1941B00EB33D8 /* Main.storyboard */ = {
			isa = PBXVariantGroup;
			children = (
				375BC2461FB1941B00EB33D8 /* Base */,
			);
			name = Main.storyboard;
			sourceTree = "<group>";
		};
		375BC24A1FB1941B00EB33D8 /* LaunchScreen.storyboard */ = {
			isa = PBXVariantGroup;
			children = (
				375BC24B1FB1941B00EB33D8 /* Base */,
			);
			name = LaunchScreen.storyboard;
			sourceTree = "<group>";
		};
/* End PBXVariantGroup section */

/* Begin XCBuildConfiguration section */
		375BC2591FB1941C00EB33D8 /* Debug */ = {
			isa = XCBuildConfiguration;
			buildSettings = {
				ALWAYS_SEARCH_USER_PATHS = NO;
				CLANG_ANALYZER_NONNULL = YES;
				CLANG_ANALYZER_NUMBER_OBJECT_CONVERSION = YES_AGGRESSIVE;
				CLANG_CXX_LANGUAGE_STANDARD = "gnu++14";
				CLANG_CXX_LIBRARY = "libc++";
				CLANG_ENABLE_MODULES = YES;
				CLANG_ENABLE_OBJC_ARC = YES;
				CLANG_WARN_BLOCK_CAPTURE_AUTORELEASING = YES;
				CLANG_WARN_BOOL_CONVERSION = YES;
				CLANG_WARN_COMMA = YES;
				CLANG_WARN_CONSTANT_CONVERSION = YES;
				CLANG_WARN_DIRECT_OBJC_ISA_USAGE = YES_ERROR;
				CLANG_WARN_DOCUMENTATION_COMMENTS = YES;
				CLANG_WARN_EMPTY_BODY = YES;
				CLANG_WARN_ENUM_CONVERSION = YES;
				CLANG_WARN_INFINITE_RECURSION = YES;
				CLANG_WARN_INT_CONVERSION = YES;
				CLANG_WARN_NON_LITERAL_NULL_CONVERSION = YES;
				CLANG_WARN_OBJC_LITERAL_CONVERSION = YES;
				CLANG_WARN_OBJC_ROOT_CLASS = YES_ERROR;
				CLANG_WARN_RANGE_LOOP_ANALYSIS = YES;
				CLANG_WARN_STRICT_PROTOTYPES = YES;
				CLANG_WARN_SUSPICIOUS_MOVE = YES;
				CLANG_WARN_UNGUARDED_AVAILABILITY = YES_AGGRESSIVE;
				CLANG_WARN_UNREACHABLE_CODE = YES;
				CLANG_WARN__DUPLICATE_METHOD_MATCH = YES;
				CODE_SIGN_IDENTITY = "iPhone Developer";
				COPY_PHASE_STRIP = NO;
				DEBUG_INFORMATION_FORMAT = dwarf;
				ENABLE_STRICT_OBJC_MSGSEND = YES;
				ENABLE_TESTABILITY = YES;
				GCC_C_LANGUAGE_STANDARD = gnu11;
				GCC_DYNAMIC_NO_PIC = NO;
				GCC_NO_COMMON_BLOCKS = YES;
				GCC_OPTIMIZATION_LEVEL = 0;
				GCC_PREPROCESSOR_DEFINITIONS = (
					"DEBUG=1",
					"$(inherited)",
				);
				GCC_WARN_64_TO_32_BIT_CONVERSION = YES;
				GCC_WARN_ABOUT_RETURN_TYPE = YES_ERROR;
				GCC_WARN_UNDECLARED_SELECTOR = YES;
				GCC_WARN_UNINITIALIZED_AUTOS = YES_AGGRESSIVE;
				GCC_WARN_UNUSED_FUNCTION = YES;
				GCC_WARN_UNUSED_VARIABLE = YES;
				IPHONEOS_DEPLOYMENT_TARGET = 11.1;
				MTL_ENABLE_DEBUG_INFO = YES;
				ONLY_ACTIVE_ARCH = YES;
				SDKROOT = iphoneos;
				SWIFT_ACTIVE_COMPILATION_CONDITIONS = DEBUG;
				SWIFT_OPTIMIZATION_LEVEL = "-Onone";
			};
			name = Debug;
		};
		375BC25A1FB1941C00EB33D8 /* Release */ = {
			isa = XCBuildConfiguration;
			buildSettings = {
				ALWAYS_SEARCH_USER_PATHS = NO;
				CLANG_ANALYZER_NONNULL = YES;
				CLANG_ANALYZER_NUMBER_OBJECT_CONVERSION = YES_AGGRESSIVE;
				CLANG_CXX_LANGUAGE_STANDARD = "gnu++14";
				CLANG_CXX_LIBRARY = "libc++";
				CLANG_ENABLE_MODULES = YES;
				CLANG_ENABLE_OBJC_ARC = YES;
				CLANG_WARN_BLOCK_CAPTURE_AUTORELEASING = YES;
				CLANG_WARN_BOOL_CONVERSION = YES;
				CLANG_WARN_COMMA = YES;
				CLANG_WARN_CONSTANT_CONVERSION = YES;
				CLANG_WARN_DIRECT_OBJC_ISA_USAGE = YES_ERROR;
				CLANG_WARN_DOCUMENTATION_COMMENTS = YES;
				CLANG_WARN_EMPTY_BODY = YES;
				CLANG_WARN_ENUM_CONVERSION = YES;
				CLANG_WARN_INFINITE_RECURSION = YES;
				CLANG_WARN_INT_CONVERSION = YES;
				CLANG_WARN_NON_LITERAL_NULL_CONVERSION = YES;
				CLANG_WARN_OBJC_LITERAL_CONVERSION = YES;
				CLANG_WARN_OBJC_ROOT_CLASS = YES_ERROR;
				CLANG_WARN_RANGE_LOOP_ANALYSIS = YES;
				CLANG_WARN_STRICT_PROTOTYPES = YES;
				CLANG_WARN_SUSPICIOUS_MOVE = YES;
				CLANG_WARN_UNGUARDED_AVAILABILITY = YES_AGGRESSIVE;
				CLANG_WARN_UNREACHABLE_CODE = YES;
				CLANG_WARN__DUPLICATE_METHOD_MATCH = YES;
				CODE_SIGN_IDENTITY = "iPhone Developer";
				COPY_PHASE_STRIP = NO;
				DEBUG_INFORMATION_FORMAT = "dwarf-with-dsym";
				ENABLE_NS_ASSERTIONS = NO;
				ENABLE_STRICT_OBJC_MSGSEND = YES;
				GCC_C_LANGUAGE_STANDARD = gnu11;
				GCC_NO_COMMON_BLOCKS = YES;
				GCC_WARN_64_TO_32_BIT_CONVERSION = YES;
				GCC_WARN_ABOUT_RETURN_TYPE = YES_ERROR;
				GCC_WARN_UNDECLARED_SELECTOR = YES;
				GCC_WARN_UNINITIALIZED_AUTOS = YES_AGGRESSIVE;
				GCC_WARN_UNUSED_FUNCTION = YES;
				GCC_WARN_UNUSED_VARIABLE = YES;
				IPHONEOS_DEPLOYMENT_TARGET = 11.1;
				MTL_ENABLE_DEBUG_INFO = NO;
				SDKROOT = iphoneos;
				SWIFT_OPTIMIZATION_LEVEL = "-Owholemodule";
				VALIDATE_PRODUCT = YES;
			};
			name = Release;
		};
		375BC25C1FB1941C00EB33D8 /* Debug */ = {
			isa = XCBuildConfiguration;
			buildSettings = {
				ASSETCATALOG_COMPILER_APPICON_NAME = AppIcon;
				CODE_SIGN_STYLE = Automatic;
				DEVELOPMENT_TEAM = YR3NU5G956;
				INFOPLIST_FILE = BucketList/Info.plist;
				LD_RUNPATH_SEARCH_PATHS = "$(inherited) @executable_path/Frameworks";
				PRODUCT_BUNDLE_IDENTIFIER = iOS.BucketList;
				PRODUCT_NAME = "$(TARGET_NAME)";
				SWIFT_VERSION = 4.0;
				TARGETED_DEVICE_FAMILY = "1,2";
			};
			name = Debug;
		};
		375BC25D1FB1941C00EB33D8 /* Release */ = {
			isa = XCBuildConfiguration;
			buildSettings = {
				ASSETCATALOG_COMPILER_APPICON_NAME = AppIcon;
				CODE_SIGN_STYLE = Automatic;
				DEVELOPMENT_TEAM = YR3NU5G956;
				INFOPLIST_FILE = BucketList/Info.plist;
				LD_RUNPATH_SEARCH_PATHS = "$(inherited) @executable_path/Frameworks";
				PRODUCT_BUNDLE_IDENTIFIER = iOS.BucketList;
				PRODUCT_NAME = "$(TARGET_NAME)";
				SWIFT_VERSION = 4.0;
				TARGETED_DEVICE_FAMILY = "1,2";
			};
			name = Release;
		};
		375BC25F1FB1941C00EB33D8 /* Debug */ = {
			isa = XCBuildConfiguration;
			buildSettings = {
				ALWAYS_EMBED_SWIFT_STANDARD_LIBRARIES = YES;
				CODE_SIGN_STYLE = Automatic;
				DEVELOPMENT_TEAM = YR3NU5G956;
				INFOPLIST_FILE = BucketListUITests/Info.plist;
				LD_RUNPATH_SEARCH_PATHS = "$(inherited) @executable_path/Frameworks @loader_path/Frameworks";
				PRODUCT_BUNDLE_IDENTIFIER = iOS.BucketListUITests;
				PRODUCT_NAME = "$(TARGET_NAME)";
				SWIFT_VERSION = 4.0;
				TARGETED_DEVICE_FAMILY = "1,2";
				TEST_TARGET_NAME = BucketList;
			};
			name = Debug;
		};
		375BC2601FB1941C00EB33D8 /* Release */ = {
			isa = XCBuildConfiguration;
			buildSettings = {
				ALWAYS_EMBED_SWIFT_STANDARD_LIBRARIES = YES;
				CODE_SIGN_STYLE = Automatic;
				DEVELOPMENT_TEAM = YR3NU5G956;
				INFOPLIST_FILE = BucketListUITests/Info.plist;
				LD_RUNPATH_SEARCH_PATHS = "$(inherited) @executable_path/Frameworks @loader_path/Frameworks";
				PRODUCT_BUNDLE_IDENTIFIER = iOS.BucketListUITests;
				PRODUCT_NAME = "$(TARGET_NAME)";
				SWIFT_VERSION = 4.0;
				TARGETED_DEVICE_FAMILY = "1,2";
				TEST_TARGET_NAME = BucketList;
			};
			name = Release;
		};
/* End XCBuildConfiguration section */

/* Begin XCConfigurationList section */
		375BC2391FB1941B00EB33D8 /* Build configuration list for PBXProject "BucketList" */ = {
			isa = XCConfigurationList;
			buildConfigurations = (
				375BC2591FB1941C00EB33D8 /* Debug */,
				375BC25A1FB1941C00EB33D8 /* Release */,
			);
			defaultConfigurationIsVisible = 0;
			defaultConfigurationName = Release;
		};
		375BC25B1FB1941C00EB33D8 /* Build configuration list for PBXNativeTarget "BucketList" */ = {
			isa = XCConfigurationList;
			buildConfigurations = (
				375BC25C1FB1941C00EB33D8 /* Debug */,
				375BC25D1FB1941C00EB33D8 /* Release */,
			);
			defaultConfigurationIsVisible = 0;
			defaultConfigurationName = Release;
		};
		375BC25E1FB1941C00EB33D8 /* Build configuration list for PBXNativeTarget "BucketListUITests" */ = {
			isa = XCConfigurationList;
			buildConfigurations = (
				375BC25F1FB1941C00EB33D8 /* Debug */,
				375BC2601FB1941C00EB33D8 /* Release */,
			);
			defaultConfigurationIsVisible = 0;
			defaultConfigurationName = Release;
		};
/* End XCConfigurationList section */

/* Begin XCVersionGroup section */
		3797E5FB1FB3F88C0009CD81 /* BucketList.xcdatamodeld */ = {
			isa = XCVersionGroup;
			children = (
				3797E5FC1FB3F88C0009CD81 /* BucketList.xcdatamodel */,
			);
			currentVersion = 3797E5FC1FB3F88C0009CD81 /* BucketList.xcdatamodel */;
			path = BucketList.xcdatamodeld;
			sourceTree = "<group>";
			versionGroupType = wrapper.xcdatamodel;
		};
/* End XCVersionGroup section */
	};
	rootObject = 375BC2361FB1941B00EB33D8 /* Project object */;
}
